PODS:
  - AFNetworking (4.0.1):
    - AFNetworking/NSURLSession (= 4.0.1)
    - AFNetworking/Reachability (= 4.0.1)
    - AFNetworking/Security (= 4.0.1)
    - AFNetworking/Serialization (= 4.0.1)
    - AFNetworking/UIKit (= 4.0.1)
  - AFNetworking/NSURLSession (4.0.1):
    - AFNetworking/Reachability
    - AFNetworking/Security
    - AFNetworking/Serialization
  - AFNetworking/Reachability (4.0.1)
  - AFNetworking/Security (4.0.1)
  - AFNetworking/Serialization (4.0.1)
  - AFNetworking/UIKit (4.0.1):
    - AFNetworking/NSURLSession
  - Bolts/Tasks (1.9.1)
  - MKDropdownMenu (1.4)
  - Parse (1.19.3):
    - Parse/Core (= 1.19.3)
  - Parse/Core (1.19.3):
    - Bolts/Tasks (= 1.9.1)

DEPENDENCIES:
  - AFNetworking
  - MKDropdownMenu
  - Parse

SPEC REPOS:
  trunk:
    - AFNetworking
    - Bolts
    - MKDropdownMenu
    - Parse

SPEC CHECKSUMS:
  AFNetworking: 7864c38297c79aaca1500c33288e429c3451fdce
  Bolts: 8c1e8aab2f603387b8b9924f57d1d64f43d3ffdc
  MKDropdownMenu: 269df4a41d21a1db684ce8bc709befe419fc5bae
  Parse: 0abb63a0ff6fa34a3f64b81d595a294e2ece143a

PODFILE CHECKSUM: 29f7dbce4db78b5b1705adba8b033f8530a872ea

COCOAPODS: 1.11.3
